
Microsoft Visual Studio Solution File, Format Version 12.00
# Visual Studio Version 17
VisualStudioVersion = 17.9.34728.123
MinimumVisualStudioVersion = 10.0.40219.1
Project("{FAE04EC0-301F-11D3-BF4B-00C04F79EFBC}") = "SeleniumP1", "SeleniumP1\SeleniumP1.csproj", "{30560AC2-3489-4F8F-B24E-2A0C387C791C}"
EndProject
Global
	GlobalSection(SolutionConfigurationPlatforms) = preSolution
		Debug|Any CPU = Debug|Any CPU
		Release|Any CPU = Release|Any CPU
	EndGlobalSection
	GlobalSection(ProjectConfigurationPlatforms) = postSolution
		{30560AC2-3489-4F8F-B24E-2A0C387C791C}.Debug|Any CPU.ActiveCfg = Debug|Any CPU
		{30560AC2-3489-4F8F-B24E-2A0C387C791C}.Debug|Any CPU.Build.0 = Debug|Any CPU
		{30560AC2-3489-4F8F-B24E-2A0C387C791C}.Release|Any CPU.ActiveCfg = Release|Any CPU
		{30560AC2-3489-4F8F-B24E-2A0C387C791C}.Release|Any CPU.Build.0 = Release|Any CPU
	EndGlobalSection
	GlobalSection(SolutionProperties) = preSolution
		HideSolutionNode = FALSE
	EndGlobalSection
	GlobalSection(ExtensibilityGlobals) = postSolution
		SolutionGuid = {D2B3E3F5-2F81-4BD2-97A4-4FA5FC33F480}
	EndGlobalSection
EndGlobal
